// !$*UTF8*$!
{
	archiveVersion = 1;
	classes = {
	};
	objectVersion = 50;
	objects = {

/* Begin PBXBuildFile section */
		6A5D8E1A23C3738800ECC6A8 /* Pipe.cpp in Sources */ = {isa = PBXBuildFile; fileRef = 6A5D8E1823C3738800ECC6A8 /* Pipe.cpp */; };
		6AFC8B7D23C48AFA0098DD30 /* Obstacle.cpp in Sources */ = {isa = PBXBuildFile; fileRef = 6AFC8B7623C48AFA0098DD30 /* Obstacle.cpp */; };
		6AFC8B7E23C48AFA0098DD30 /* GameEngine.cpp in Sources */ = {isa = PBXBuildFile; fileRef = 6AFC8B7823C48AFA0098DD30 /* GameEngine.cpp */; };
		6AFC8B8223C4AB210098DD30 /* Ground.cpp in Sources */ = {isa = PBXBuildFile; fileRef = 6AFC8B8023C4AB210098DD30 /* Ground.cpp */; };
		702FDECD23AD0635002E2AF0 /* Sprite.cpp in Sources */ = {isa = PBXBuildFile; fileRef = 702FDECB23AD0635002E2AF0 /* Sprite.cpp */; };
		702FDED023AD0FC6002E2AF0 /* Bird.cpp in Sources */ = {isa = PBXBuildFile; fileRef = 702FDECE23AD0FC6002E2AF0 /* Bird.cpp */; };
		7035331323C348180028D55A /* libSDL2_mixer-2.0.0.dylib in Frameworks */ = {isa = PBXBuildFile; fileRef = 7035331223C348180028D55A /* libSDL2_mixer-2.0.0.dylib */; };
		703ED69623ABA904007C7001 /* main.cpp in Sources */ = {isa = PBXBuildFile; fileRef = 703ED69523ABA904007C7001 /* main.cpp */; };
		703ED69E23ABACFD007C7001 /* libSDL2-2.0.0.dylib in Frameworks */ = {isa = PBXBuildFile; fileRef = 703ED69D23ABACFD007C7001 /* libSDL2-2.0.0.dylib */; };
		703ED6A223ABAD20007C7001 /* libSDL2_ttf-2.0.0.dylib in Frameworks */ = {isa = PBXBuildFile; fileRef = 703ED6A123ABAD20007C7001 /* libSDL2_ttf-2.0.0.dylib */; };
		703ED6A523ABAD38007C7001 /* libSDL2_image-2.0.0.dylib in Frameworks */ = {isa = PBXBuildFile; fileRef = 703ED6A423ABAD38007C7001 /* libSDL2_image-2.0.0.dylib */; settings = {ATTRIBUTES = (Required, ); }; };
		703ED6AA23ABB631007C7001 /* System.cpp in Sources */ = {isa = PBXBuildFile; fileRef = 703ED6A823ABB631007C7001 /* System.cpp */; };
		703ED6AD23ABB9DB007C7001 /* Session.cpp in Sources */ = {isa = PBXBuildFile; fileRef = 703ED6AB23ABB9DB007C7001 /* Session.cpp */; };
/* End PBXBuildFile section */

/* Begin PBXCopyFilesBuildPhase section */
		703ED69023ABA904007C7001 /* CopyFiles */ = {
			isa = PBXCopyFilesBuildPhase;
			buildActionMask = 2147483647;
			dstPath = /usr/share/man/man1/;
			dstSubfolderSpec = 0;
			files = (
			);
			runOnlyForDeploymentPostprocessing = 1;
		};
/* End PBXCopyFilesBuildPhase section */

/* Begin PBXFileReference section */
		6A5D8E1723C3734300ECC6A8 /* Prog3Assignment */ = {isa = PBXFileReference; lastKnownFileType = folder; path = Prog3Assignment; sourceTree = "<group>"; };
		6A5D8E1823C3738800ECC6A8 /* Pipe.cpp */ = {isa = PBXFileReference; lastKnownFileType = sourcecode.cpp.cpp; path = Pipe.cpp; sourceTree = "<group>"; };
		6A5D8E1923C3738800ECC6A8 /* Pipe.hpp */ = {isa = PBXFileReference; lastKnownFileType = sourcecode.cpp.h; path = Pipe.hpp; sourceTree = "<group>"; };
		6AFC8B7623C48AFA0098DD30 /* Obstacle.cpp */ = {isa = PBXFileReference; fileEncoding = 4; lastKnownFileType = sourcecode.cpp.cpp; path = Obstacle.cpp; sourceTree = "<group>"; };
		6AFC8B7823C48AFA0098DD30 /* GameEngine.cpp */ = {isa = PBXFileReference; fileEncoding = 4; lastKnownFileType = sourcecode.cpp.cpp; path = GameEngine.cpp; sourceTree = "<group>"; };
		6AFC8B7A23C48AFA0098DD30 /* Obstacle.h */ = {isa = PBXFileReference; fileEncoding = 4; lastKnownFileType = sourcecode.c.h; path = Obstacle.h; sourceTree = "<group>"; };
		6AFC8B7B23C48AFA0098DD30 /* GameEngine.hpp */ = {isa = PBXFileReference; fileEncoding = 4; lastKnownFileType = sourcecode.cpp.h; path = GameEngine.hpp; sourceTree = "<group>"; };
		6AFC8B8023C4AB210098DD30 /* Ground.cpp */ = {isa = PBXFileReference; lastKnownFileType = sourcecode.cpp.cpp; path = Ground.cpp; sourceTree = "<group>"; };
		6AFC8B8123C4AB210098DD30 /* Ground.hpp */ = {isa = PBXFileReference; lastKnownFileType = sourcecode.cpp.h; path = Ground.hpp; sourceTree = "<group>"; };
		6AFC8B8323C4BEEF0098DD30 /* Assets */ = {isa = PBXFileReference; lastKnownFileType = folder; path = Assets; sourceTree = "<group>"; };
		702FDECB23AD0635002E2AF0 /* Sprite.cpp */ = {isa = PBXFileReference; fileEncoding = 4; lastKnownFileType = sourcecode.cpp.cpp; path = Sprite.cpp; sourceTree = "<group>"; };
		702FDECC23AD0635002E2AF0 /* Sprite.hpp */ = {isa = PBXFileReference; fileEncoding = 4; lastKnownFileType = sourcecode.cpp.h; path = Sprite.hpp; sourceTree = "<group>"; };
		702FDECE23AD0FC6002E2AF0 /* Bird.cpp */ = {isa = PBXFileReference; lastKnownFileType = sourcecode.cpp.cpp; path = Bird.cpp; sourceTree = "<group>"; };
		702FDECF23AD0FC6002E2AF0 /* Bird.hpp */ = {isa = PBXFileReference; lastKnownFileType = sourcecode.cpp.h; path = Bird.hpp; sourceTree = "<group>"; };
		7035331223C348180028D55A /* libSDL2_mixer-2.0.0.dylib */ = {isa = PBXFileReference; lastKnownFileType = "compiled.mach-o.dylib"; name = "libSDL2_mixer-2.0.0.dylib"; path = "../../../../../usr/local/Cellar/sdl2_mixer/2.0.4/lib/libSDL2_mixer-2.0.0.dylib"; sourceTree = "<group>"; };
		703ED69223ABA904007C7001 /* Prog3Assignment */ = {isa = PBXFileReference; explicitFileType = "compiled.mach-o.executable"; includeInIndex = 0; path = Prog3Assignment; sourceTree = BUILT_PRODUCTS_DIR; };
		703ED69523ABA904007C7001 /* main.cpp */ = {isa = PBXFileReference; lastKnownFileType = sourcecode.cpp.cpp; path = main.cpp; sourceTree = "<group>"; };
		703ED69D23ABACFD007C7001 /* libSDL2-2.0.0.dylib */ = {isa = PBXFileReference; lastKnownFileType = "compiled.mach-o.dylib"; name = "libSDL2-2.0.0.dylib"; path = "../../../../../usr/local/Cellar/sdl2/2.0.10/lib/libSDL2-2.0.0.dylib"; sourceTree = "<group>"; };
		703ED6A123ABAD20007C7001 /* libSDL2_ttf-2.0.0.dylib */ = {isa = PBXFileReference; lastKnownFileType = "compiled.mach-o.dylib"; name = "libSDL2_ttf-2.0.0.dylib"; path = "../../../../../usr/local/Cellar/sdl2_ttf/2.0.15/lib/libSDL2_ttf-2.0.0.dylib"; sourceTree = "<group>"; };
		703ED6A423ABAD38007C7001 /* libSDL2_image-2.0.0.dylib */ = {isa = PBXFileReference; lastKnownFileType = "compiled.mach-o.dylib"; name = "libSDL2_image-2.0.0.dylib"; path = "../../../../../usr/local/Cellar/sdl2_image/2.0.5/lib/libSDL2_image-2.0.0.dylib"; sourceTree = "<group>"; };
		703ED6A723ABB078007C7001 /* Prog3Assignment.entitlements */ = {isa = PBXFileReference; lastKnownFileType = text.plist.entitlements; path = Prog3Assignment.entitlements; sourceTree = "<group>"; };
		703ED6A823ABB631007C7001 /* System.cpp */ = {isa = PBXFileReference; lastKnownFileType = sourcecode.cpp.cpp; path = System.cpp; sourceTree = "<group>"; };
		703ED6A923ABB631007C7001 /* System.hpp */ = {isa = PBXFileReference; lastKnownFileType = sourcecode.cpp.h; path = System.hpp; sourceTree = "<group>"; };
		703ED6AB23ABB9DB007C7001 /* Session.cpp */ = {isa = PBXFileReference; lastKnownFileType = sourcecode.cpp.cpp; path = Session.cpp; sourceTree = "<group>"; };
		703ED6AC23ABB9DB007C7001 /* Session.hpp */ = {isa = PBXFileReference; lastKnownFileType = sourcecode.cpp.h; path = Session.hpp; sourceTree = "<group>"; };
/* End PBXFileReference section */

/* Begin PBXFrameworksBuildPhase section */
		703ED68F23ABA904007C7001 /* Frameworks */ = {
			isa = PBXFrameworksBuildPhase;
			buildActionMask = 2147483647;
			files = (
				7035331323C348180028D55A /* libSDL2_mixer-2.0.0.dylib in Frameworks */,
				703ED6A523ABAD38007C7001 /* libSDL2_image-2.0.0.dylib in Frameworks */,
				703ED69E23ABACFD007C7001 /* libSDL2-2.0.0.dylib in Frameworks */,
				703ED6A223ABAD20007C7001 /* libSDL2_ttf-2.0.0.dylib in Frameworks */,
			);
			runOnlyForDeploymentPostprocessing = 0;
		};
/* End PBXFrameworksBuildPhase section */

/* Begin PBXGroup section */
		703ED68923ABA904007C7001 = {
			isa = PBXGroup;
			children = (
				703ED69423ABA904007C7001 /* Prog3Assignment */,
				703ED69323ABA904007C7001 /* Products */,
				703ED69C23ABACFD007C7001 /* Frameworks */,
			);
			sourceTree = "<group>";
		};
		703ED69323ABA904007C7001 /* Products */ = {
			isa = PBXGroup;
			children = (
				703ED69223ABA904007C7001 /* Prog3Assignment */,
			);
			name = Products;
			sourceTree = "<group>";
		};
		703ED69423ABA904007C7001 /* Prog3Assignment */ = {
			isa = PBXGroup;
			children = (
				6AFC8B8323C4BEEF0098DD30 /* Assets */,
				6AFC8B7823C48AFA0098DD30 /* GameEngine.cpp */,
				6AFC8B7B23C48AFA0098DD30 /* GameEngine.hpp */,
				6AFC8B7623C48AFA0098DD30 /* Obstacle.cpp */,
				6AFC8B7A23C48AFA0098DD30 /* Obstacle.h */,
				6A5D8E1723C3734300ECC6A8 /* Prog3Assignment */,
				702FDECB23AD0635002E2AF0 /* Sprite.cpp */,
				702FDECC23AD0635002E2AF0 /* Sprite.hpp */,
				703ED6A723ABB078007C7001 /* Prog3Assignment.entitlements */,
				703ED69523ABA904007C7001 /* main.cpp */,
				6AFC8B8023C4AB210098DD30 /* Ground.cpp */,
				6AFC8B8123C4AB210098DD30 /* Ground.hpp */,
				703ED6A823ABB631007C7001 /* System.cpp */,
				703ED6A923ABB631007C7001 /* System.hpp */,
				703ED6AB23ABB9DB007C7001 /* Session.cpp */,
				703ED6AC23ABB9DB007C7001 /* Session.hpp */,
				702FDECE23AD0FC6002E2AF0 /* Bird.cpp */,
				702FDECF23AD0FC6002E2AF0 /* Bird.hpp */,
				6A5D8E1823C3738800ECC6A8 /* Pipe.cpp */,
				6A5D8E1923C3738800ECC6A8 /* Pipe.hpp */,
			);
			path = Prog3Assignment;
			sourceTree = "<group>";
		};
		703ED69C23ABACFD007C7001 /* Frameworks */ = {
			isa = PBXGroup;
			children = (
				7035331223C348180028D55A /* libSDL2_mixer-2.0.0.dylib */,
				703ED6A423ABAD38007C7001 /* libSDL2_image-2.0.0.dylib */,
				703ED6A123ABAD20007C7001 /* libSDL2_ttf-2.0.0.dylib */,
				703ED69D23ABACFD007C7001 /* libSDL2-2.0.0.dylib */,
			);
			name = Frameworks;
			sourceTree = "<group>";
		};
/* End PBXGroup section */

/* Begin PBXNativeTarget section */
		703ED69123ABA904007C7001 /* Prog3Assignment */ = {
			isa = PBXNativeTarget;
			buildConfigurationList = 703ED69923ABA904007C7001 /* Build configuration list for PBXNativeTarget "Prog3Assignment" */;
			buildPhases = (
				703ED68E23ABA904007C7001 /* Sources */,
				703ED68F23ABA904007C7001 /* Frameworks */,
				703ED69023ABA904007C7001 /* CopyFiles */,
			);
			buildRules = (
			);
			dependencies = (
			);
			name = Prog3Assignment;
			productName = Prog3Assignment;
			productReference = 703ED69223ABA904007C7001 /* Prog3Assignment */;
			productType = "com.apple.product-type.tool";
		};
/* End PBXNativeTarget section */

/* Begin PBXProject section */
		703ED68A23ABA904007C7001 /* Project object */ = {
			isa = PBXProject;
			attributes = {
				LastUpgradeCheck = 1120;
				ORGANIZATIONNAME = "Hojjat Seyed";
				TargetAttributes = {
					703ED69123ABA904007C7001 = {
						CreatedOnToolsVersion = 11.2;
					};
				};
			};
			buildConfigurationList = 703ED68D23ABA904007C7001 /* Build configuration list for PBXProject "Prog3Assignment" */;
			compatibilityVersion = "Xcode 9.3";
			developmentRegion = en;
			hasScannedForEncodings = 0;
			knownRegions = (
				en,
				Base,
			);
			mainGroup = 703ED68923ABA904007C7001;
			productRefGroup = 703ED69323ABA904007C7001 /* Products */;
			projectDirPath = "";
			projectRoot = "";
			targets = (
				703ED69123ABA904007C7001 /* Prog3Assignment */,
			);
		};
/* End PBXProject section */

/* Begin PBXSourcesBuildPhase section */
		703ED68E23ABA904007C7001 /* Sources */ = {
			isa = PBXSourcesBuildPhase;
			buildActionMask = 2147483647;
			files = (
				702FDED023AD0FC6002E2AF0 /* Bird.cpp in Sources */,
				703ED6AA23ABB631007C7001 /* System.cpp in Sources */,
				702FDECD23AD0635002E2AF0 /* Sprite.cpp in Sources */,
				6A5D8E1A23C3738800ECC6A8 /* Pipe.cpp in Sources */,
				703ED6AD23ABB9DB007C7001 /* Session.cpp in Sources */,
				703ED69623ABA904007C7001 /* main.cpp in Sources */,
				6AFC8B7D23C48AFA0098DD30 /* Obstacle.cpp in Sources */,
				6AFC8B8223C4AB210098DD30 /* Ground.cpp in Sources */,
				6AFC8B7E23C48AFA0098DD30 /* GameEngine.cpp in Sources */,
			);
			runOnlyForDeploymentPostprocessing = 0;
		};
/* End PBXSourcesBuildPhase section */

/* Begin XCBuildConfiguration section */
		703ED69723ABA904007C7001 /* Debug */ = {
			isa = XCBuildConfiguration;
			buildSettings = {
				ALWAYS_SEARCH_USER_PATHS = NO;
				CLANG_ANALYZER_NONNULL = YES;
				CLANG_ANALYZER_NUMBER_OBJECT_CONVERSION = YES_AGGRESSIVE;
				CLANG_CXX_LANGUAGE_STANDARD = "gnu++14";
				CLANG_CXX_LIBRARY = "libc++";
				CLANG_ENABLE_MODULES = YES;
				CLANG_ENABLE_OBJC_ARC = YES;
				CLANG_ENABLE_OBJC_WEAK = YES;
				CLANG_WARN_BLOCK_CAPTURE_AUTORELEASING = YES;
				CLANG_WARN_BOOL_CONVERSION = YES;
				CLANG_WARN_COMMA = YES;
				CLANG_WARN_CONSTANT_CONVERSION = YES;
				CLANG_WARN_DEPRECATED_OBJC_IMPLEMENTATIONS = YES;
				CLANG_WARN_DIRECT_OBJC_ISA_USAGE = YES_ERROR;
				CLANG_WARN_DOCUMENTATION_COMMENTS = YES;
				CLANG_WARN_EMPTY_BODY = YES;
				CLANG_WARN_ENUM_CONVERSION = YES;
				CLANG_WARN_INFINITE_RECURSION = YES;
				CLANG_WARN_INT_CONVERSION = YES;
				CLANG_WARN_NON_LITERAL_NULL_CONVERSION = YES;
				CLANG_WARN_OBJC_IMPLICIT_RETAIN_SELF = YES;
				CLANG_WARN_OBJC_LITERAL_CONVERSION = YES;
				CLANG_WARN_OBJC_ROOT_CLASS = YES_ERROR;
				CLANG_WARN_RANGE_LOOP_ANALYSIS = YES;
				CLANG_WARN_STRICT_PROTOTYPES = YES;
				CLANG_WARN_SUSPICIOUS_MOVE = YES;
				CLANG_WARN_UNGUARDED_AVAILABILITY = YES_AGGRESSIVE;
				CLANG_WARN_UNREACHABLE_CODE = YES;
				CLANG_WARN__DUPLICATE_METHOD_MATCH = YES;
				COPY_PHASE_STRIP = NO;
				DEBUG_INFORMATION_FORMAT = dwarf;
				ENABLE_STRICT_OBJC_MSGSEND = YES;
				ENABLE_TESTABILITY = YES;
				GCC_C_LANGUAGE_STANDARD = gnu11;
				GCC_DYNAMIC_NO_PIC = NO;
				GCC_NO_COMMON_BLOCKS = YES;
				GCC_OPTIMIZATION_LEVEL = 0;
				GCC_PREPROCESSOR_DEFINITIONS = (
					"DEBUG=1",
					"$(inherited)",
				);
				GCC_WARN_64_TO_32_BIT_CONVERSION = YES;
				GCC_WARN_ABOUT_RETURN_TYPE = YES_ERROR;
				GCC_WARN_UNDECLARED_SELECTOR = YES;
				GCC_WARN_UNINITIALIZED_AUTOS = YES_AGGRESSIVE;
				GCC_WARN_UNUSED_FUNCTION = YES;
				GCC_WARN_UNUSED_VARIABLE = YES;
				MACOSX_DEPLOYMENT_TARGET = 10.15;
				MTL_ENABLE_DEBUG_INFO = INCLUDE_SOURCE;
				MTL_FAST_MATH = YES;
				ONLY_ACTIVE_ARCH = YES;
				SDKROOT = macosx;
			};
			name = Debug;
		};
		703ED69823ABA904007C7001 /* Release */ = {
			isa = XCBuildConfiguration;
			buildSettings = {
				ALWAYS_SEARCH_USER_PATHS = NO;
				CLANG_ANALYZER_NONNULL = YES;
				CLANG_ANALYZER_NUMBER_OBJECT_CONVERSION = YES_AGGRESSIVE;
				CLANG_CXX_LANGUAGE_STANDARD = "gnu++14";
				CLANG_CXX_LIBRARY = "libc++";
				CLANG_ENABLE_MODULES = YES;
				CLANG_ENABLE_OBJC_ARC = YES;
				CLANG_ENABLE_OBJC_WEAK = YES;
				CLANG_WARN_BLOCK_CAPTURE_AUTORELEASING = YES;
				CLANG_WARN_BOOL_CONVERSION = YES;
				CLANG_WARN_COMMA = YES;
				CLANG_WARN_CONSTANT_CONVERSION = YES;
				CLANG_WARN_DEPRECATED_OBJC_IMPLEMENTATIONS = YES;
				CLANG_WARN_DIRECT_OBJC_ISA_USAGE = YES_ERROR;
				CLANG_WARN_DOCUMENTATION_COMMENTS = YES;
				CLANG_WARN_EMPTY_BODY = YES;
				CLANG_WARN_ENUM_CONVERSION = YES;
				CLANG_WARN_INFINITE_RECURSION = YES;
				CLANG_WARN_INT_CONVERSION = YES;
				CLANG_WARN_NON_LITERAL_NULL_CONVERSION = YES;
				CLANG_WARN_OBJC_IMPLICIT_RETAIN_SELF = YES;
				CLANG_WARN_OBJC_LITERAL_CONVERSION = YES;
				CLANG_WARN_OBJC_ROOT_CLASS = YES_ERROR;
				CLANG_WARN_RANGE_LOOP_ANALYSIS = YES;
				CLANG_WARN_STRICT_PROTOTYPES = YES;
				CLANG_WARN_SUSPICIOUS_MOVE = YES;
				CLANG_WARN_UNGUARDED_AVAILABILITY = YES_AGGRESSIVE;
				CLANG_WARN_UNREACHABLE_CODE = YES;
				CLANG_WARN__DUPLICATE_METHOD_MATCH = YES;
				COPY_PHASE_STRIP = NO;
				DEBUG_INFORMATION_FORMAT = "dwarf-with-dsym";
				ENABLE_NS_ASSERTIONS = NO;
				ENABLE_STRICT_OBJC_MSGSEND = YES;
				GCC_C_LANGUAGE_STANDARD = gnu11;
				GCC_NO_COMMON_BLOCKS = YES;
				GCC_WARN_64_TO_32_BIT_CONVERSION = YES;
				GCC_WARN_ABOUT_RETURN_TYPE = YES_ERROR;
				GCC_WARN_UNDECLARED_SELECTOR = YES;
				GCC_WARN_UNINITIALIZED_AUTOS = YES_AGGRESSIVE;
				GCC_WARN_UNUSED_FUNCTION = YES;
				GCC_WARN_UNUSED_VARIABLE = YES;
				MACOSX_DEPLOYMENT_TARGET = 10.15;
				MTL_ENABLE_DEBUG_INFO = NO;
				MTL_FAST_MATH = YES;
				SDKROOT = macosx;
			};
			name = Release;
		};
		703ED69A23ABA904007C7001 /* Debug */ = {
			isa = XCBuildConfiguration;
			buildSettings = {
				CODE_SIGN_ENTITLEMENTS = Prog3Assignment/Prog3Assignment.entitlements;
				CODE_SIGN_STYLE = Manual;
				DEVELOPMENT_TEAM = "";
				ENABLE_HARDENED_RUNTIME = YES;
				HEADER_SEARCH_PATHS = /usr/local/include;
				LIBRARY_SEARCH_PATHS = (
					"$(inherited)",
					/usr/local/Cellar/sdl2/2.0.10/lib,
					/usr/local/Cellar/sdl2_ttf/2.0.15/lib,
					/usr/local/Cellar/sdl2_image/2.0.5/lib,
					/usr/local/Cellar/sdl2_mixer/2.0.4/lib,
				);
				PRODUCT_NAME = "$(TARGET_NAME)";
				PROVISIONING_PROFILE_SPECIFIER = "";
			};
			name = Debug;
		};
		703ED69B23ABA904007C7001 /* Release */ = {
			isa = XCBuildConfiguration;
			buildSettings = {
				CODE_SIGN_ENTITLEMENTS = Prog3Assignment/Prog3Assignment.entitlements;
				CODE_SIGN_STYLE = Manual;
				DEVELOPMENT_TEAM = "";
				ENABLE_HARDENED_RUNTIME = YES;
				HEADER_SEARCH_PATHS = /usr/local/include;
				LIBRARY_SEARCH_PATHS = (
					"$(inherited)",
					/usr/local/Cellar/sdl2/2.0.10/lib,
					/usr/local/Cellar/sdl2_ttf/2.0.15/lib,
					/usr/local/Cellar/sdl2_image/2.0.5/lib,
					/usr/local/Cellar/sdl2_mixer/2.0.4/lib,
				);
				PRODUCT_NAME = "$(TARGET_NAME)";
				PROVISIONING_PROFILE_SPECIFIER = "";
			};
			name = Release;
		};
/* End XCBuildConfiguration section */

/* Begin XCConfigurationList section */
		703ED68D23ABA904007C7001 /* Build configuration list for PBXProject "Prog3Assignment" */ = {
			isa = XCConfigurationList;
			buildConfigurations = (
				703ED69723ABA904007C7001 /* Debug */,
				703ED69823ABA904007C7001 /* Release */,
			);
			defaultConfigurationIsVisible = 0;
			defaultConfigurationName = Release;
		};
		703ED69923ABA904007C7001 /* Build configuration list for PBXNativeTarget "Prog3Assignment" */ = {
			isa = XCConfigurationList;
			buildConfigurations = (
				703ED69A23ABA904007C7001 /* Debug */,
				703ED69B23ABA904007C7001 /* Release */,
			);
			defaultConfigurationIsVisible = 0;
			defaultConfigurationName = Release;
		};
/* End XCConfigurationList section */
	};
	rootObject = 703ED68A23ABA904007C7001 /* Project object */;
}
